
Microsoft Visual Studio Solution File, Format Version 12.00
# Visual Studio Version 17
VisualStudioVersion = 17.3.32825.248
MinimumVisualStudioVersion = 10.0.40219.1
Project("{8BC9CEB8-8B4A-11D0-8D11-00A0C91BC942}") = "Cloudflare Dynamic DNS", "Cloudflare Dynamic DNS\Cloudflare Dynamic DNS.vcxproj", "{DD701F29-4053-4749-9D98-0B050658F997}"
EndProject
Project("{9A19103F-16F7-4668-BE54-9A1E7A4F7556}") = "Monitor", "Monitor\Monitor.csproj", "{87B2641D-3FCC-4301-8BB2-DAF85B943C6D}"
	ProjectSection(ProjectDependencies) = postProject
		{0CFE9F5E-2A72-4979-9DE8-0D8878D01585} = {0CFE9F5E-2A72-4979-9DE8-0D8878D01585}
		{DD701F29-4053-4749-9D98-0B050658F997} = {DD701F29-4053-4749-9D98-0B050658F997}
	EndProjectSection
EndProject
Project("{8BC9CEB8-8B4A-11D0-8D11-00A0C91BC942}") = "Cloudflare Dynamic DNS Service", "Cloudflare Dynamic DNS Service\Cloudflare Dynamic DNS Service.vcxproj", "{0CFE9F5E-2A72-4979-9DE8-0D8878D01585}"
EndProject
Project("{8BC9CEB8-8B4A-11D0-8D11-00A0C91BC942}") = "Cloudflare Dynamic DNS Linux", "Cloudflare Dynamic DNS Linux\Cloudflare Dynamic DNS Linux.vcxproj", "{947FD5A0-2442-44A8-9D91-622B2AA4098C}"
EndProject
Global
	GlobalSection(SolutionConfigurationPlatforms) = preSolution
		Debug|Any CPU = Debug|Any CPU
		Debug|ARM = Debug|ARM
		Debug|ARM64 = Debug|ARM64
		Debug|x64 = Debug|x64
		Debug|x86 = Debug|x86
		Release Background|Any CPU = Release Background|Any CPU
		Release Background|ARM = Release Background|ARM
		Release Background|ARM64 = Release Background|ARM64
		Release Background|x64 = Release Background|x64
		Release Background|x86 = Release Background|x86
		Release|Any CPU = Release|Any CPU
		Release|ARM = Release|ARM
		Release|ARM64 = Release|ARM64
		Release|x64 = Release|x64
		Release|x86 = Release|x86
	EndGlobalSection
	GlobalSection(ProjectConfigurationPlatforms) = postSolution
		{DD701F29-4053-4749-9D98-0B050658F997}.Debug|Any CPU.ActiveCfg = Debug|x64
		{DD701F29-4053-4749-9D98-0B050658F997}.Debug|Any CPU.Build.0 = Debug|x64
		{DD701F29-4053-4749-9D98-0B050658F997}.Debug|ARM.ActiveCfg = Debug|x64
		{DD701F29-4053-4749-9D98-0B050658F997}.Debug|ARM.Build.0 = Debug|x64
		{DD701F29-4053-4749-9D98-0B050658F997}.Debug|ARM64.ActiveCfg = Debug|x64
		{DD701F29-4053-4749-9D98-0B050658F997}.Debug|ARM64.Build.0 = Debug|x64
		{DD701F29-4053-4749-9D98-0B050658F997}.Debug|x64.ActiveCfg = Debug|x64
		{DD701F29-4053-4749-9D98-0B050658F997}.Debug|x64.Build.0 = Debug|x64
		{DD701F29-4053-4749-9D98-0B050658F997}.Debug|x86.ActiveCfg = Debug|Win32
		{DD701F29-4053-4749-9D98-0B050658F997}.Debug|x86.Build.0 = Debug|Win32
		{DD701F29-4053-4749-9D98-0B050658F997}.Release Background|Any CPU.ActiveCfg = Release Background|x64
		{DD701F29-4053-4749-9D98-0B050658F997}.Release Background|Any CPU.Build.0 = Release Background|x64
		{DD701F29-4053-4749-9D98-0B050658F997}.Release Background|ARM.ActiveCfg = Release Background|x64
		{DD701F29-4053-4749-9D98-0B050658F997}.Release Background|ARM.Build.0 = Release Background|x64
		{DD701F29-4053-4749-9D98-0B050658F997}.Release Background|ARM64.ActiveCfg = Release Background|x64
		{DD701F29-4053-4749-9D98-0B050658F997}.Release Background|ARM64.Build.0 = Release Background|x64
		{DD701F29-4053-4749-9D98-0B050658F997}.Release Background|x64.ActiveCfg = Release Background|x64
		{DD701F29-4053-4749-9D98-0B050658F997}.Release Background|x64.Build.0 = Release Background|x64
		{DD701F29-4053-4749-9D98-0B050658F997}.Release Background|x86.ActiveCfg = Release Background|Win32
		{DD701F29-4053-4749-9D98-0B050658F997}.Release Background|x86.Build.0 = Release Background|Win32
		{DD701F29-4053-4749-9D98-0B050658F997}.Release|Any CPU.ActiveCfg = Release|x64
		{DD701F29-4053-4749-9D98-0B050658F997}.Release|Any CPU.Build.0 = Release|x64
		{DD701F29-4053-4749-9D98-0B050658F997}.Release|ARM.ActiveCfg = Release|x64
		{DD701F29-4053-4749-9D98-0B050658F997}.Release|ARM.Build.0 = Release|x64
		{DD701F29-4053-4749-9D98-0B050658F997}.Release|ARM64.ActiveCfg = Release|x64
		{DD701F29-4053-4749-9D98-0B050658F997}.Release|ARM64.Build.0 = Release|x64
		{DD701F29-4053-4749-9D98-0B050658F997}.Release|x64.ActiveCfg = Release|x64
		{DD701F29-4053-4749-9D98-0B050658F997}.Release|x64.Build.0 = Release|x64
		{DD701F29-4053-4749-9D98-0B050658F997}.Release|x86.ActiveCfg = Release|Win32
		{DD701F29-4053-4749-9D98-0B050658F997}.Release|x86.Build.0 = Release|Win32
		{87B2641D-3FCC-4301-8BB2-DAF85B943C6D}.Debug|Any CPU.ActiveCfg = Debug|Any CPU
		{87B2641D-3FCC-4301-8BB2-DAF85B943C6D}.Debug|Any CPU.Build.0 = Debug|Any CPU
		{87B2641D-3FCC-4301-8BB2-DAF85B943C6D}.Debug|ARM.ActiveCfg = Debug|Any CPU
		{87B2641D-3FCC-4301-8BB2-DAF85B943C6D}.Debug|ARM.Build.0 = Debug|Any CPU
		{87B2641D-3FCC-4301-8BB2-DAF85B943C6D}.Debug|ARM64.ActiveCfg = Debug|Any CPU
		{87B2641D-3FCC-4301-8BB2-DAF85B943C6D}.Debug|ARM64.Build.0 = Debug|Any CPU
		{87B2641D-3FCC-4301-8BB2-DAF85B943C6D}.Debug|x64.ActiveCfg = Debug|Any CPU
		{87B2641D-3FCC-4301-8BB2-DAF85B943C6D}.Debug|x64.Build.0 = Debug|Any CPU
		{87B2641D-3FCC-4301-8BB2-DAF85B943C6D}.Debug|x86.ActiveCfg = Debug|Any CPU
		{87B2641D-3FCC-4301-8BB2-DAF85B943C6D}.Debug|x86.Build.0 = Debug|Any CPU
		{87B2641D-3FCC-4301-8BB2-DAF85B943C6D}.Release Background|Any CPU.ActiveCfg = Release|Any CPU
		{87B2641D-3FCC-4301-8BB2-DAF85B943C6D}.Release Background|Any CPU.Build.0 = Release|Any CPU
		{87B2641D-3FCC-4301-8BB2-DAF85B943C6D}.Release Background|ARM.ActiveCfg = Release|Any CPU
		{87B2641D-3FCC-4301-8BB2-DAF85B943C6D}.Release Background|ARM.Build.0 = Release|Any CPU
		{87B2641D-3FCC-4301-8BB2-DAF85B943C6D}.Release Background|ARM64.ActiveCfg = Release|Any CPU
		{87B2641D-3FCC-4301-8BB2-DAF85B943C6D}.Release Background|ARM64.Build.0 = Release|Any CPU
		{87B2641D-3FCC-4301-8BB2-DAF85B943C6D}.Release Background|x64.ActiveCfg = Release|Any CPU
		{87B2641D-3FCC-4301-8BB2-DAF85B943C6D}.Release Background|x64.Build.0 = Release|Any CPU
		{87B2641D-3FCC-4301-8BB2-DAF85B943C6D}.Release Background|x86.ActiveCfg = Release|Any CPU
		{87B2641D-3FCC-4301-8BB2-DAF85B943C6D}.Release Background|x86.Build.0 = Release|Any CPU
		{87B2641D-3FCC-4301-8BB2-DAF85B943C6D}.Release|Any CPU.ActiveCfg = Release|Any CPU
		{87B2641D-3FCC-4301-8BB2-DAF85B943C6D}.Release|Any CPU.Build.0 = Release|Any CPU
		{87B2641D-3FCC-4301-8BB2-DAF85B943C6D}.Release|ARM.ActiveCfg = Release|Any CPU
		{87B2641D-3FCC-4301-8BB2-DAF85B943C6D}.Release|ARM.Build.0 = Release|Any CPU
		{87B2641D-3FCC-4301-8BB2-DAF85B943C6D}.Release|ARM64.ActiveCfg = Release|Any CPU
		{87B2641D-3FCC-4301-8BB2-DAF85B943C6D}.Release|ARM64.Build.0 = Release|Any CPU
		{87B2641D-3FCC-4301-8BB2-DAF85B943C6D}.Release|x64.ActiveCfg = Release|Any CPU
		{87B2641D-3FCC-4301-8BB2-DAF85B943C6D}.Release|x64.Build.0 = Release|Any CPU
		{87B2641D-3FCC-4301-8BB2-DAF85B943C6D}.Release|x86.ActiveCfg = Release|Any CPU
		{87B2641D-3FCC-4301-8BB2-DAF85B943C6D}.Release|x86.Build.0 = Release|Any CPU
		{0CFE9F5E-2A72-4979-9DE8-0D8878D01585}.Debug|Any CPU.ActiveCfg = Debug|x64
		{0CFE9F5E-2A72-4979-9DE8-0D8878D01585}.Debug|Any CPU.Build.0 = Debug|x64
		{0CFE9F5E-2A72-4979-9DE8-0D8878D01585}.Debug|ARM.ActiveCfg = Debug|x64
		{0CFE9F5E-2A72-4979-9DE8-0D8878D01585}.Debug|ARM.Build.0 = Debug|x64
		{0CFE9F5E-2A72-4979-9DE8-0D8878D01585}.Debug|ARM64.ActiveCfg = Debug|x64
		{0CFE9F5E-2A72-4979-9DE8-0D8878D01585}.Debug|ARM64.Build.0 = Debug|x64
		{0CFE9F5E-2A72-4979-9DE8-0D8878D01585}.Debug|x64.ActiveCfg = Debug|x64
		{0CFE9F5E-2A72-4979-9DE8-0D8878D01585}.Debug|x64.Build.0 = Debug|x64
		{0CFE9F5E-2A72-4979-9DE8-0D8878D01585}.Debug|x86.ActiveCfg = Debug|Win32
		{0CFE9F5E-2A72-4979-9DE8-0D8878D01585}.Debug|x86.Build.0 = Debug|Win32
		{0CFE9F5E-2A72-4979-9DE8-0D8878D01585}.Release Background|Any CPU.ActiveCfg = Release|x64
		{0CFE9F5E-2A72-4979-9DE8-0D8878D01585}.Release Background|Any CPU.Build.0 = Release|x64
		{0CFE9F5E-2A72-4979-9DE8-0D8878D01585}.Release Background|ARM.ActiveCfg = Release|x64
		{0CFE9F5E-2A72-4979-9DE8-0D8878D01585}.Release Background|ARM.Build.0 = Release|x64
		{0CFE9F5E-2A72-4979-9DE8-0D8878D01585}.Release Background|ARM64.ActiveCfg = Release|x64
		{0CFE9F5E-2A72-4979-9DE8-0D8878D01585}.Release Background|ARM64.Build.0 = Release|x64
		{0CFE9F5E-2A72-4979-9DE8-0D8878D01585}.Release Background|x64.ActiveCfg = Release|x64
		{0CFE9F5E-2A72-4979-9DE8-0D8878D01585}.Release Background|x64.Build.0 = Release|x64
		{0CFE9F5E-2A72-4979-9DE8-0D8878D01585}.Release Background|x86.ActiveCfg = Release|Win32
		{0CFE9F5E-2A72-4979-9DE8-0D8878D01585}.Release Background|x86.Build.0 = Release|Win32
		{0CFE9F5E-2A72-4979-9DE8-0D8878D01585}.Release|Any CPU.ActiveCfg = Release|x64
		{0CFE9F5E-2A72-4979-9DE8-0D8878D01585}.Release|Any CPU.Build.0 = Release|x64
		{0CFE9F5E-2A72-4979-9DE8-0D8878D01585}.Release|ARM.ActiveCfg = Release|x64
		{0CFE9F5E-2A72-4979-9DE8-0D8878D01585}.Release|ARM.Build.0 = Release|x64
		{0CFE9F5E-2A72-4979-9DE8-0D8878D01585}.Release|ARM64.ActiveCfg = Release|x64
		{0CFE9F5E-2A72-4979-9DE8-0D8878D01585}.Release|ARM64.Build.0 = Release|x64
		{0CFE9F5E-2A72-4979-9DE8-0D8878D01585}.Release|x64.ActiveCfg = Release|x64
		{0CFE9F5E-2A72-4979-9DE8-0D8878D01585}.Release|x64.Build.0 = Release|x64
		{0CFE9F5E-2A72-4979-9DE8-0D8878D01585}.Release|x86.ActiveCfg = Release|Win32
		{0CFE9F5E-2A72-4979-9DE8-0D8878D01585}.Release|x86.Build.0 = Release|Win32
		{947FD5A0-2442-44A8-9D91-622B2AA4098C}.Debug|Any CPU.ActiveCfg = Debug|x64
		{947FD5A0-2442-44A8-9D91-622B2AA4098C}.Debug|Any CPU.Build.0 = Debug|x64
		{947FD5A0-2442-44A8-9D91-622B2AA4098C}.Debug|Any CPU.Deploy.0 = Debug|x64
		{947FD5A0-2442-44A8-9D91-622B2AA4098C}.Debug|ARM.ActiveCfg = Debug|ARM
		{947FD5A0-2442-44A8-9D91-622B2AA4098C}.Debug|ARM.Build.0 = Debug|ARM
		{947FD5A0-2442-44A8-9D91-622B2AA4098C}.Debug|ARM.Deploy.0 = Debug|ARM
		{947FD5A0-2442-44A8-9D91-622B2AA4098C}.Debug|ARM64.ActiveCfg = Debug|ARM64
		{947FD5A0-2442-44A8-9D91-622B2AA4098C}.Debug|ARM64.Build.0 = Debug|ARM64
		{947FD5A0-2442-44A8-9D91-622B2AA4098C}.Debug|ARM64.Deploy.0 = Debug|ARM64
		{947FD5A0-2442-44A8-9D91-622B2AA4098C}.Debug|x64.ActiveCfg = Debug|x64
		{947FD5A0-2442-44A8-9D91-622B2AA4098C}.Debug|x64.Build.0 = Debug|x64
		{947FD5A0-2442-44A8-9D91-622B2AA4098C}.Debug|x64.Deploy.0 = Debug|x64
		{947FD5A0-2442-44A8-9D91-622B2AA4098C}.Debug|x86.ActiveCfg = Debug|x86
		{947FD5A0-2442-44A8-9D91-622B2AA4098C}.Debug|x86.Build.0 = Debug|x86
		{947FD5A0-2442-44A8-9D91-622B2AA4098C}.Debug|x86.Deploy.0 = Debug|x86
		{947FD5A0-2442-44A8-9D91-622B2AA4098C}.Release Background|Any CPU.ActiveCfg = Release|x64
		{947FD5A0-2442-44A8-9D91-622B2AA4098C}.Release Background|Any CPU.Build.0 = Release|x64
		{947FD5A0-2442-44A8-9D91-622B2AA4098C}.Release Background|Any CPU.Deploy.0 = Release|x64
		{947FD5A0-2442-44A8-9D91-622B2AA4098C}.Release Background|ARM.ActiveCfg = Release|ARM
		{947FD5A0-2442-44A8-9D91-622B2AA4098C}.Release Background|ARM.Build.0 = Release|ARM
		{947FD5A0-2442-44A8-9D91-622B2AA4098C}.Release Background|ARM.Deploy.0 = Release|ARM
		{947FD5A0-2442-44A8-9D91-622B2AA4098C}.Release Background|ARM64.ActiveCfg = Release|ARM64
		{947FD5A0-2442-44A8-9D91-622B2AA4098C}.Release Background|ARM64.Build.0 = Release|ARM64
		{947FD5A0-2442-44A8-9D91-622B2AA4098C}.Release Background|ARM64.Deploy.0 = Release|ARM64
		{947FD5A0-2442-44A8-9D91-622B2AA4098C}.Release Background|x64.ActiveCfg = Release|x64
		{947FD5A0-2442-44A8-9D91-622B2AA4098C}.Release Background|x64.Build.0 = Release|x64
		{947FD5A0-2442-44A8-9D91-622B2AA4098C}.Release Background|x64.Deploy.0 = Release|x64
		{947FD5A0-2442-44A8-9D91-622B2AA4098C}.Release Background|x86.ActiveCfg = Release|x86
		{947FD5A0-2442-44A8-9D91-622B2AA4098C}.Release Background|x86.Build.0 = Release|x86
		{947FD5A0-2442-44A8-9D91-622B2AA4098C}.Release Background|x86.Deploy.0 = Release|x86
		{947FD5A0-2442-44A8-9D91-622B2AA4098C}.Release|Any CPU.ActiveCfg = Release|x64
		{947FD5A0-2442-44A8-9D91-622B2AA4098C}.Release|Any CPU.Build.0 = Release|x64
		{947FD5A0-2442-44A8-9D91-622B2AA4098C}.Release|Any CPU.Deploy.0 = Release|x64
		{947FD5A0-2442-44A8-9D91-622B2AA4098C}.Release|ARM.ActiveCfg = Release|ARM
		{947FD5A0-2442-44A8-9D91-622B2AA4098C}.Release|ARM.Build.0 = Release|ARM
		{947FD5A0-2442-44A8-9D91-622B2AA4098C}.Release|ARM.Deploy.0 = Release|ARM
		{947FD5A0-2442-44A8-9D91-622B2AA4098C}.Release|ARM64.ActiveCfg = Release|ARM64
		{947FD5A0-2442-44A8-9D91-622B2AA4098C}.Release|ARM64.Build.0 = Release|ARM64
		{947FD5A0-2442-44A8-9D91-622B2AA4098C}.Release|ARM64.Deploy.0 = Release|ARM64
		{947FD5A0-2442-44A8-9D91-622B2AA4098C}.Release|x64.ActiveCfg = Release|x64
		{947FD5A0-2442-44A8-9D91-622B2AA4098C}.Release|x64.Build.0 = Release|x64
		{947FD5A0-2442-44A8-9D91-622B2AA4098C}.Release|x64.Deploy.0 = Release|x64
		{947FD5A0-2442-44A8-9D91-622B2AA4098C}.Release|x86.ActiveCfg = Release|x86
		{947FD5A0-2442-44A8-9D91-622B2AA4098C}.Release|x86.Build.0 = Release|x86
		{947FD5A0-2442-44A8-9D91-622B2AA4098C}.Release|x86.Deploy.0 = Release|x86
	EndGlobalSection
	GlobalSection(SolutionProperties) = preSolution
		HideSolutionNode = FALSE
	EndGlobalSection
	GlobalSection(ExtensibilityGlobals) = postSolution
		SolutionGuid = {DC627D11-FCEE-4657-B954-DAA5E8160D24}
	EndGlobalSection
EndGlobal
